// !$*UTF8*$!
{
	archiveVersion = 1;
	classes = {
	};
	objectVersion = 50;
	objects = {

/* Begin PBXBuildFile section */
		98D4B41826548E7E00296791 /* AppDelegate.swift in Sources */ = {isa = PBXBuildFile; fileRef = 98D4B41726548E7E00296791 /* AppDelegate.swift */; };
		98D4B41A26548E7E00296791 /* SceneDelegate.swift in Sources */ = {isa = PBXBuildFile; fileRef = 98D4B41926548E7E00296791 /* SceneDelegate.swift */; };
		98D4B41C26548E7E00296791 /* PeripheralViewController.swift in Sources */ = {isa = PBXBuildFile; fileRef = 98D4B41B26548E7E00296791 /* PeripheralViewController.swift */; };
		98D4B41F26548E7E00296791 /* Main.storyboard in Resources */ = {isa = PBXBuildFile; fileRef = 98D4B41D26548E7E00296791 /* Main.storyboard */; };
		98D4B42126548E7F00296791 /* Assets.xcassets in Resources */ = {isa = PBXBuildFile; fileRef = 98D4B42026548E7F00296791 /* Assets.xcassets */; };
		98D4B42426548E7F00296791 /* LaunchScreen.storyboard in Resources */ = {isa = PBXBuildFile; fileRef = 98D4B42226548E7F00296791 /* LaunchScreen.storyboard */; };
		98D4B42C2654929000296791 /* DeviceBLEManager.swift in Sources */ = {isa = PBXBuildFile; fileRef = 98D4B42B2654929000296791 /* DeviceBLEManager.swift */; };
/* End PBXBuildFile section */

/* Begin PBXFileReference section */
		98D4B41426548E7E00296791 /* BLERandomNumberSender.app */ = {isa = PBXFileReference; explicitFileType = wrapper.application; includeInIndex = 0; path = BLERandomNumberSender.app; sourceTree = BUILT_PRODUCTS_DIR; };
		98D4B41726548E7E00296791 /* AppDelegate.swift */ = {isa = PBXFileReference; lastKnownFileType = sourcecode.swift; path = AppDelegate.swift; sourceTree = "<group>"; };
		98D4B41926548E7E00296791 /* SceneDelegate.swift */ = {isa = PBXFileReference; lastKnownFileType = sourcecode.swift; path = SceneDelegate.swift; sourceTree = "<group>"; };
		98D4B41B26548E7E00296791 /* PeripheralViewController.swift */ = {isa = PBXFileReference; lastKnownFileType = sourcecode.swift; path = PeripheralViewController.swift; sourceTree = "<group>"; };
		98D4B41E26548E7E00296791 /* Base */ = {isa = PBXFileReference; lastKnownFileType = file.storyboard; name = Base; path = Base.lproj/Main.storyboard; sourceTree = "<group>"; };
		98D4B42026548E7F00296791 /* Assets.xcassets */ = {isa = PBXFileReference; lastKnownFileType = folder.assetcatalog; path = Assets.xcassets; sourceTree = "<group>"; };
		98D4B42326548E7F00296791 /* Base */ = {isa = PBXFileReference; lastKnownFileType = file.storyboard; name = Base; path = Base.lproj/LaunchScreen.storyboard; sourceTree = "<group>"; };
		98D4B42526548E7F00296791 /* Info.plist */ = {isa = PBXFileReference; lastKnownFileType = text.plist.xml; path = Info.plist; sourceTree = "<group>"; };
		98D4B42B2654929000296791 /* DeviceBLEManager.swift */ = {isa = PBXFileReference; lastKnownFileType = sourcecode.swift; path = DeviceBLEManager.swift; sourceTree = "<group>"; };
/* End PBXFileReference section */

/* Begin PBXFrameworksBuildPhase section */
		98D4B41126548E7E00296791 /* Frameworks */ = {
			isa = PBXFrameworksBuildPhase;
			buildActionMask = 2147483647;
			files = (
			);
			runOnlyForDeploymentPostprocessing = 0;
		};
/* End PBXFrameworksBuildPhase section */

/* Begin PBXGroup section */
		98D4B40B26548E7E00296791 = {
			isa = PBXGroup;
			children = (
				98D4B41626548E7E00296791 /* BLERandomNumberSender */,
				98D4B41526548E7E00296791 /* Products */,
			);
			sourceTree = "<group>";
		};
		98D4B41526548E7E00296791 /* Products */ = {
			isa = PBXGroup;
			children = (
				98D4B41426548E7E00296791 /* BLERandomNumberSender.app */,
			);
			name = Products;
			sourceTree = "<group>";
		};
		98D4B41626548E7E00296791 /* BLERandomNumberSender */ = {
			isa = PBXGroup;
			children = (
				98D4B41726548E7E00296791 /* AppDelegate.swift */,
				98D4B41926548E7E00296791 /* SceneDelegate.swift */,
				98D4B41B26548E7E00296791 /* PeripheralViewController.swift */,
				98D4B42B2654929000296791 /* DeviceBLEManager.swift */,
				98D4B41D26548E7E00296791 /* Main.storyboard */,
				98D4B42026548E7F00296791 /* Assets.xcassets */,
				98D4B42226548E7F00296791 /* LaunchScreen.storyboard */,
				98D4B42526548E7F00296791 /* Info.plist */,
			);
			path = BLERandomNumberSender;
			sourceTree = "<group>";
		};
/* End PBXGroup section */

/* Begin PBXNativeTarget section */
		98D4B41326548E7E00296791 /* BLERandomNumberSender */ = {
			isa = PBXNativeTarget;
			buildConfigurationList = 98D4B42826548E7F00296791 /* Build configuration list for PBXNativeTarget "BLERandomNumberSender" */;
			buildPhases = (
				98D4B41026548E7E00296791 /* Sources */,
				98D4B41126548E7E00296791 /* Frameworks */,
				98D4B41226548E7E00296791 /* Resources */,
			);
			buildRules = (
			);
			dependencies = (
			);
			name = BLERandomNumberSender;
			productName = BLERandomNumberSender;
			productReference = 98D4B41426548E7E00296791 /* BLERandomNumberSender.app */;
			productType = "com.apple.product-type.application";
		};
/* End PBXNativeTarget section */

/* Begin PBXProject section */
		98D4B40C26548E7E00296791 /* Project object */ = {
			isa = PBXProject;
			attributes = {
				LastSwiftUpdateCheck = 1250;
				LastUpgradeCheck = 1250;
				TargetAttributes = {
					98D4B41326548E7E00296791 = {
						CreatedOnToolsVersion = 12.5;
					};
				};
			};
			buildConfigurationList = 98D4B40F26548E7E00296791 /* Build configuration list for PBXProject "BLERandomNumberSender" */;
			compatibilityVersion = "Xcode 9.3";
			developmentRegion = en;
			hasScannedForEncodings = 0;
			knownRegions = (
				en,
				Base,
			);
			mainGroup = 98D4B40B26548E7E00296791;
			productRefGroup = 98D4B41526548E7E00296791 /* Products */;
			projectDirPath = "";
			projectRoot = "";
			targets = (
				98D4B41326548E7E00296791 /* BLERandomNumberSender */,
			);
		};
/* End PBXProject section */

/* Begin PBXResourcesBuildPhase section */
		98D4B41226548E7E00296791 /* Resources */ = {
			isa = PBXResourcesBuildPhase;
			buildActionMask = 2147483647;
			files = (
				98D4B42426548E7F00296791 /* LaunchScreen.storyboard in Resources */,
				98D4B42126548E7F00296791 /* Assets.xcassets in Resources */,
				98D4B41F26548E7E00296791 /* Main.storyboard in Resources */,
			);
			runOnlyForDeploymentPostprocessing = 0;
		};
/* End PBXResourcesBuildPhase section */

/* Begin PBXSourcesBuildPhase section */
		98D4B41026548E7E00296791 /* Sources */ = {
			isa = PBXSourcesBuildPhase;
			buildActionMask = 2147483647;
			files = (
				98D4B41C26548E7E00296791 /* PeripheralViewController.swift in Sources */,
				98D4B41826548E7E00296791 /* AppDelegate.swift in Sources */,
				98D4B42C2654929000296791 /* DeviceBLEManager.swift in Sources */,
				98D4B41A26548E7E00296791 /* SceneDelegate.swift in Sources */,
			);
			runOnlyForDeploymentPostprocessing = 0;
		};
/* End PBXSourcesBuildPhase section */

/* Begin PBXVariantGroup section */
		98D4B41D26548E7E00296791 /* Main.storyboard */ = {
			isa = PBXVariantGroup;
			children = (
				98D4B41E26548E7E00296791 /* Base */,
			);
			name = Main.storyboard;
			sourceTree = "<group>";
		};
		98D4B42226548E7F00296791 /* LaunchScreen.storyboard */ = {
			isa = PBXVariantGroup;
			children = (
				98D4B42326548E7F00296791 /* Base */,
			);
			name = LaunchScreen.storyboard;
			sourceTree = "<group>";
		};
/* End PBXVariantGroup section */

/* Begin XCBuildConfiguration section */
		98D4B42626548E7F00296791 /* Debug */ = {
			isa = XCBuildConfiguration;
			buildSettings = {
				ALWAYS_SEARCH_USER_PATHS = NO;
				CLANG_ANALYZER_NONNULL = YES;
				CLANG_ANALYZER_NUMBER_OBJECT_CONVERSION = YES_AGGRESSIVE;
				CLANG_CXX_LANGUAGE_STANDARD = "gnu++14";
				CLANG_CXX_LIBRARY = "libc++";
				CLANG_ENABLE_MODULES = YES;
				CLANG_ENABLE_OBJC_ARC = YES;
				CLANG_ENABLE_OBJC_WEAK = YES;
				CLANG_WARN_BLOCK_CAPTURE_AUTORELEASING = YES;
				CLANG_WARN_BOOL_CONVERSION = YES;
				CLANG_WARN_COMMA = YES;
				CLANG_WARN_CONSTANT_CONVERSION = YES;
				CLANG_WARN_DEPRECATED_OBJC_IMPLEMENTATIONS = YES;
				CLANG_WARN_DIRECT_OBJC_ISA_USAGE = YES_ERROR;
				CLANG_WARN_DOCUMENTATION_COMMENTS = YES;
				CLANG_WARN_EMPTY_BODY = YES;
				CLANG_WARN_ENUM_CONVERSION = YES;
				CLANG_WARN_INFINITE_RECURSION = YES;
				CLANG_WARN_INT_CONVERSION = YES;
				CLANG_WARN_NON_LITERAL_NULL_CONVERSION = YES;
				CLANG_WARN_OBJC_IMPLICIT_RETAIN_SELF = YES;
				CLANG_WARN_OBJC_LITERAL_CONVERSION = YES;
				CLANG_WARN_OBJC_ROOT_CLASS = YES_ERROR;
				CLANG_WARN_QUOTED_INCLUDE_IN_FRAMEWORK_HEADER = YES;
				CLANG_WARN_RANGE_LOOP_ANALYSIS = YES;
				CLANG_WARN_STRICT_PROTOTYPES = YES;
				CLANG_WARN_SUSPICIOUS_MOVE = YES;
				CLANG_WARN_UNGUARDED_AVAILABILITY = YES_AGGRESSIVE;
				CLANG_WARN_UNREACHABLE_CODE = YES;
				CLANG_WARN__DUPLICATE_METHOD_MATCH = YES;
				COPY_PHASE_STRIP = NO;
				DEBUG_INFORMATION_FORMAT = dwarf;
				ENABLE_STRICT_OBJC_MSGSEND = YES;
				ENABLE_TESTABILITY = YES;
				GCC_C_LANGUAGE_STANDARD = gnu11;
				GCC_DYNAMIC_NO_PIC = NO;
				GCC_NO_COMMON_BLOCKS = YES;
				GCC_OPTIMIZATION_LEVEL = 0;
				GCC_PREPROCESSOR_DEFINITIONS = (
					"DEBUG=1",
					"$(inherited)",
				);
				GCC_WARN_64_TO_32_BIT_CONVERSION = YES;
				GCC_WARN_ABOUT_RETURN_TYPE = YES_ERROR;
				GCC_WARN_UNDECLARED_SELECTOR = YES;
				GCC_WARN_UNINITIALIZED_AUTOS = YES_AGGRESSIVE;
				GCC_WARN_UNUSED_FUNCTION = YES;
				GCC_WARN_UNUSED_VARIABLE = YES;
				IPHONEOS_DEPLOYMENT_TARGET = 14.1;
				MTL_ENABLE_DEBUG_INFO = INCLUDE_SOURCE;
				MTL_FAST_MATH = YES;
				ONLY_ACTIVE_ARCH = YES;
				SDKROOT = iphoneos;
				SWIFT_ACTIVE_COMPILATION_CONDITIONS = DEBUG;
				SWIFT_OPTIMIZATION_LEVEL = "-Onone";
			};
			name = Debug;
		};
		98D4B42726548E7F00296791 /* Release */ = {
			isa = XCBuildConfiguration;
			buildSettings = {
				ALWAYS_SEARCH_USER_PATHS = NO;
				CLANG_ANALYZER_NONNULL = YES;
				CLANG_ANALYZER_NUMBER_OBJECT_CONVERSION = YES_AGGRESSIVE;
				CLANG_CXX_LANGUAGE_STANDARD = "gnu++14";
				CLANG_CXX_LIBRARY = "libc++";
				CLANG_ENABLE_MODULES = YES;
				CLANG_ENABLE_OBJC_ARC = YES;
				CLANG_ENABLE_OBJC_WEAK = YES;
				CLANG_WARN_BLOCK_CAPTURE_AUTORELEASING = YES;
				CLANG_WARN_BOOL_CONVERSION = YES;
				CLANG_WARN_COMMA = YES;
				CLANG_WARN_CONSTANT_CONVERSION = YES;
				CLANG_WARN_DEPRECATED_OBJC_IMPLEMENTATIONS = YES;
				CLANG_WARN_DIRECT_OBJC_ISA_USAGE = YES_ERROR;
				CLANG_WARN_DOCUMENTATION_COMMENTS = YES;
				CLANG_WARN_EMPTY_BODY = YES;
				CLANG_WARN_ENUM_CONVERSION = YES;
				CLANG_WARN_INFINITE_RECURSION = YES;
				CLANG_WARN_INT_CONVERSION = YES;
				CLANG_WARN_NON_LITERAL_NULL_CONVERSION = YES;
				CLANG_WARN_OBJC_IMPLICIT_RETAIN_SELF = YES;
				CLANG_WARN_OBJC_LITERAL_CONVERSION = YES;
				CLANG_WARN_OBJC_ROOT_CLASS = YES_ERROR;
				CLANG_WARN_QUOTED_INCLUDE_IN_FRAMEWORK_HEADER = YES;
				CLANG_WARN_RANGE_LOOP_ANALYSIS = YES;
				CLANG_WARN_STRICT_PROTOTYPES = YES;
				CLANG_WARN_SUSPICIOUS_MOVE = YES;
				CLANG_WARN_UNGUARDED_AVAILABILITY = YES_AGGRESSIVE;
				CLANG_WARN_UNREACHABLE_CODE = YES;
				CLANG_WARN__DUPLICATE_METHOD_MATCH = YES;
				COPY_PHASE_STRIP = NO;
				DEBUG_INFORMATION_FORMAT = "dwarf-with-dsym";
				ENABLE_NS_ASSERTIONS = NO;
				ENABLE_STRICT_OBJC_MSGSEND = YES;
				GCC_C_LANGUAGE_STANDARD = gnu11;
				GCC_NO_COMMON_BLOCKS = YES;
				GCC_WARN_64_TO_32_BIT_CONVERSION = YES;
				GCC_WARN_ABOUT_RETURN_TYPE = YES_ERROR;
				GCC_WARN_UNDECLARED_SELECTOR = YES;
				GCC_WARN_UNINITIALIZED_AUTOS = YES_AGGRESSIVE;
				GCC_WARN_UNUSED_FUNCTION = YES;
				GCC_WARN_UNUSED_VARIABLE = YES;
				IPHONEOS_DEPLOYMENT_TARGET = 14.1;
				MTL_ENABLE_DEBUG_INFO = NO;
				MTL_FAST_MATH = YES;
				SDKROOT = iphoneos;
				SWIFT_COMPILATION_MODE = wholemodule;
				SWIFT_OPTIMIZATION_LEVEL = "-O";
				VALIDATE_PRODUCT = YES;
			};
			name = Release;
		};
		98D4B42926548E7F00296791 /* Debug */ = {
			isa = XCBuildConfiguration;
			buildSettings = {
				ASSETCATALOG_COMPILER_APPICON_NAME = AppIcon;
				ASSETCATALOG_COMPILER_GLOBAL_ACCENT_COLOR_NAME = AccentColor;
				CODE_SIGN_STYLE = Automatic;
				DEVELOPMENT_TEAM = 88W4494JF2;
				INFOPLIST_FILE = BLERandomNumberSender/Info.plist;
				LD_RUNPATH_SEARCH_PATHS = (
					"$(inherited)",
					"@executable_path/Frameworks",
				);
				PRODUCT_BUNDLE_IDENTIFIER = jp.classmethod.osamu.hiraoka.BLERandomNumberSender;
				PRODUCT_NAME = "$(TARGET_NAME)";
				SWIFT_VERSION = 5.0;
				TARGETED_DEVICE_FAMILY = "1,2";
			};
			name = Debug;
		};
		98D4B42A26548E7F00296791 /* Release */ = {
			isa = XCBuildConfiguration;
			buildSettings = {
				ASSETCATALOG_COMPILER_APPICON_NAME = AppIcon;
				ASSETCATALOG_COMPILER_GLOBAL_ACCENT_COLOR_NAME = AccentColor;
				CODE_SIGN_STYLE = Automatic;
				DEVELOPMENT_TEAM = 88W4494JF2;
				INFOPLIST_FILE = BLERandomNumberSender/Info.plist;
				LD_RUNPATH_SEARCH_PATHS = (
					"$(inherited)",
					"@executable_path/Frameworks",
				);
				PRODUCT_BUNDLE_IDENTIFIER = jp.classmethod.osamu.hiraoka.BLERandomNumberSender;
				PRODUCT_NAME = "$(TARGET_NAME)";
				SWIFT_VERSION = 5.0;
				TARGETED_DEVICE_FAMILY = "1,2";
			};
			name = Release;
		};
/* End XCBuildConfiguration section */

/* Begin XCConfigurationList section */
		98D4B40F26548E7E00296791 /* Build configuration list for PBXProject "BLERandomNumberSender" */ = {
			isa = XCConfigurationList;
			buildConfigurations = (
				98D4B42626548E7F00296791 /* Debug */,
				98D4B42726548E7F00296791 /* Release */,
			);
			defaultConfigurationIsVisible = 0;
			defaultConfigurationName = Release;
		};
		98D4B42826548E7F00296791 /* Build configuration list for PBXNativeTarget "BLERandomNumberSender" */ = {
			isa = XCConfigurationList;
			buildConfigurations = (
				98D4B42926548E7F00296791 /* Debug */,
				98D4B42A26548E7F00296791 /* Release */,
			);
			defaultConfigurationIsVisible = 0;
			defaultConfigurationName = Release;
		};
/* End XCConfigurationList section */
	};
	rootObject = 98D4B40C26548E7E00296791 /* Project object */;
}
